
Microsoft Visual Studio Solution File, Format Version 12.00
# Visual Studio 15
VisualStudioVersion = 15.0.28010.2036
MinimumVisualStudioVersion = 10.0.40219.1
Project("{FAE04EC0-301F-11D3-BF4B-00C04F79EFBC}") = "lab8", "lab8\lab8.csproj", "{52A9FF96-6AA4-4756-B93E-D2948333369A}"
EndProject
Global
	GlobalSection(SolutionConfigurationPlatforms) = preSolution
		Debug|Any CPU = Debug|Any CPU
		Release|Any CPU = Release|Any CPU
	EndGlobalSection
	GlobalSection(ProjectConfigurationPlatforms) = postSolution
		{52A9FF96-6AA4-4756-B93E-D2948333369A}.Debug|Any CPU.ActiveCfg = Debug|Any CPU
		{52A9FF96-6AA4-4756-B93E-D2948333369A}.Debug|Any CPU.Build.0 = Debug|Any CPU
		{52A9FF96-6AA4-4756-B93E-D2948333369A}.Release|Any CPU.ActiveCfg = Release|Any CPU
		{52A9FF96-6AA4-4756-B93E-D2948333369A}.Release|Any CPU.Build.0 = Release|Any CPU
	EndGlobalSection
	GlobalSection(SolutionProperties) = preSolution
		HideSolutionNode = FALSE
	EndGlobalSection
	GlobalSection(ExtensibilityGlobals) = postSolution
		SolutionGuid = {D84BCA80-68BA-4788-A0C3-02CAC5A4741A}
	EndGlobalSection
EndGlobal
